// !$*UTF8*$!
{
	archiveVersion = 1;
	classes = {
	};
	objectVersion = 46;
	objects = {

/* Begin PBXBuildFile section */
		2FAE770F22CA42AC00B55D81 /* GoogleService-Info.plist in Resources */ = {isa = PBXBuildFile; fileRef = 2FAE76AA22CA42AC00B55D81 /* GoogleService-Info.plist */; };
		B501732B1DC01252003445D9 /* EXShell.plist in Resources */ = {isa = PBXBuildFile; fileRef = B501732A1DC01252003445D9 /* EXShell.plist */; };
		B56386491DB9693800A0598C /* AppDelegate.m in Sources */ = {isa = PBXBuildFile; fileRef = B56386481DB9693800A0598C /* AppDelegate.m */; };
		B56386511DB9693800A0598C /* Assets.xcassets in Resources */ = {isa = PBXBuildFile; fileRef = B56386501DB9693800A0598C /* Assets.xcassets */; };
		B56386611DB96A5E00A0598C /* main.m in Sources */ = {isa = PBXBuildFile; fileRef = B563865E1DB96A5E00A0598C /* main.m */; };
		B56386671DB9994300A0598C /* EXSDKVersions.plist in Resources */ = {isa = PBXBuildFile; fileRef = B56386661DB9994300A0598C /* EXSDKVersions.plist */; };
		B5693E8E1FABD16A00307FA4 /* LaunchScreen.xib in Resources */ = {isa = PBXBuildFile; fileRef = B5693E8D1FABD16A00307FA4 /* LaunchScreen.xib */; };
		B5693E911FABD46800307FA4 /* launch_background_image.png in Resources */ = {isa = PBXBuildFile; fileRef = B5693E8F1FABD46800307FA4 /* launch_background_image.png */; };
		B5693E921FABD46800307FA4 /* launch_icon.png in Resources */ = {isa = PBXBuildFile; fileRef = B5693E901FABD46800307FA4 /* launch_icon.png */; };
		B5CFBF4F1EDE419400B4BE24 /* EXBuildConstants.plist in Resources */ = {isa = PBXBuildFile; fileRef = B5CFBF4E1EDE419400B4BE24 /* EXBuildConstants.plist */; };
		B5DB04801F3A684600E91581 /* shell-app-manifest.json in Resources */ = {isa = PBXBuildFile; fileRef = B5DB047E1F3A684600E91581 /* shell-app-manifest.json */; };
		B5DB04811F3A684600E91581 /* shell-app.bundle in Resources */ = {isa = PBXBuildFile; fileRef = B5DB047F1F3A684600E91581 /* shell-app.bundle */; };
		BB63897D6D78CDB576EF33BC /* libPods-the-liturgists.a in Frameworks */ = {isa = PBXBuildFile; fileRef = FE2E9D241F5F139C7669E21E /* libPods-the-liturgists.a */; };
/* End PBXBuildFile section */

/* Begin PBXContainerItemProxy section */
		2FAE770722CA42AC00B55D81 /* PBXContainerItemProxy */ = {
			isa = PBXContainerItemProxy;
			containerPortal = 2FE7118F22C10158002825A1 /* Pods.xcodeproj */;
			proxyType = 2;
			remoteGlobalIDString = E2B63D462DB7F827C4B11FD51E4F8E2D;
			remoteInfo = FirebaseCore;
		};
		2FAE770922CA42AC00B55D81 /* PBXContainerItemProxy */ = {
			isa = PBXContainerItemProxy;
			containerPortal = 2FE7118F22C10158002825A1 /* Pods.xcodeproj */;
			proxyType = 2;
			remoteGlobalIDString = 2DA0D814DFCB860D31D7BCD63D795858;
			remoteInfo = FirebaseInstanceID;
		};
		2FAE770B22CA42AC00B55D81 /* PBXContainerItemProxy */ = {
			isa = PBXContainerItemProxy;
			containerPortal = 2FE7118F22C10158002825A1 /* Pods.xcodeproj */;
			proxyType = 2;
			remoteGlobalIDString = B43874C6CBB50E7134FBEC24BABFE14F;
			remoteInfo = GoogleUtilities;
		};
		2FAE770D22CA42AC00B55D81 /* PBXContainerItemProxy */ = {
			isa = PBXContainerItemProxy;
			containerPortal = 2FE7118F22C10158002825A1 /* Pods.xcodeproj */;
			proxyType = 2;
			remoteGlobalIDString = 06FC5C9CF96D60C50FCD47D339C91951;
			remoteInfo = nanopb;
		};
		2FAE77D422CA4DC400B55D81 /* PBXContainerItemProxy */ = {
			isa = PBXContainerItemProxy;
			containerPortal = 2FE7118F22C10158002825A1 /* Pods.xcodeproj */;
			proxyType = 2;
			remoteGlobalIDString = 5B654B4B042BA7DC93766943A643E42B;
			remoteInfo = FirebaseMessaging;
		};
		2FAE77D622CA4DC400B55D81 /* PBXContainerItemProxy */ = {
			isa = PBXContainerItemProxy;
			containerPortal = 2FE7118F22C10158002825A1 /* Pods.xcodeproj */;
			proxyType = 2;
			remoteGlobalIDString = C2105C94812B6214B154F54DCEDB72AC;
			remoteInfo = Protobuf;
		};
		2FE711ED22C10159002825A1 /* PBXContainerItemProxy */ = {
			isa = PBXContainerItemProxy;
			containerPortal = 2FE7118F22C10158002825A1 /* Pods.xcodeproj */;
			proxyType = 2;
			remoteGlobalIDString = 79466250C0AB8216B905D3321D56C526;
			remoteInfo = "Amplitude-iOS";
		};
		2FE711F722C10159002825A1 /* PBXContainerItemProxy */ = {
			isa = PBXContainerItemProxy;
			containerPortal = 2FE7118F22C10158002825A1 /* Pods.xcodeproj */;
			proxyType = 2;
			remoteGlobalIDString = C261436D14052AE3C35F240BCD155CAC;
			remoteInfo = CocoaLumberjack;
		};
		2FE711F922C10159002825A1 /* PBXContainerItemProxy */ = {
			isa = PBXContainerItemProxy;
			containerPortal = 2FE7118F22C10158002825A1 /* Pods.xcodeproj */;
			proxyType = 2;
			remoteGlobalIDString = 6FFB7B2992BB53405E6B771A5BA1E97D;
			remoteInfo = DoubleConversion;
		};
		2FE7120322C10159002825A1 /* PBXContainerItemProxy */ = {
			isa = PBXContainerItemProxy;
			containerPortal = 2FE7118F22C10158002825A1 /* Pods.xcodeproj */;
			proxyType = 2;
			remoteGlobalIDString = A225ED83E33DC48D25B9FF35BA50CCD0;
			remoteInfo = EXAppLoaderProvider;
		};
		2FE7120522C10159002825A1 /* PBXContainerItemProxy */ = {
			isa = PBXContainerItemProxy;
			containerPortal = 2FE7118F22C10158002825A1 /* Pods.xcodeproj */;
			proxyType = 2;
			remoteGlobalIDString = AD40A94AE1ADFA1CDF9602BA3B04C90E;
			remoteInfo = EXAV;
		};
		2FE7121322C10159002825A1 /* PBXContainerItemProxy */ = {
			isa = PBXContainerItemProxy;
			containerPortal = 2FE7118F22C10158002825A1 /* Pods.xcodeproj */;
			proxyType = 2;
			remoteGlobalIDString = 220361FF3B2778F8F38C2C4DCC5B49FD;
			remoteInfo = EXConstants;
		};
		2FE7121F22C10159002825A1 /* PBXContainerItemProxy */ = {
			isa = PBXContainerItemProxy;
			containerPortal = 2FE7118F22C10158002825A1 /* Pods.xcodeproj */;
			proxyType = 2;
			remoteGlobalIDString = ED1E3FC0DC90F4A787472917BFB6B235;
			remoteInfo = EXFileSystem;
		};
		2FE7122122C10159002825A1 /* PBXContainerItemProxy */ = {
			isa = PBXContainerItemProxy;
			containerPortal = 2FE7118F22C10158002825A1 /* Pods.xcodeproj */;
			proxyType = 2;
			remoteGlobalIDString = B9A8343068CE43CDCE59118C59FBBAF3;
			remoteInfo = EXFont;
		};
		2FE7122F22C10159002825A1 /* PBXContainerItemProxy */ = {
			isa = PBXContainerItemProxy;
			containerPortal = 2FE7118F22C10158002825A1 /* Pods.xcodeproj */;
			proxyType = 2;
			remoteGlobalIDString = 09B5856105EF7C6447B9EC57E7E36B34;
			remoteInfo = EXKeepAwake;
		};
		2FE7123122C10159002825A1 /* PBXContainerItemProxy */ = {
			isa = PBXContainerItemProxy;
			containerPortal = 2FE7118F22C10158002825A1 /* Pods.xcodeproj */;
			proxyType = 2;
			remoteGlobalIDString = 3747AE14E346E991874D53D8D9FC4BA5;
			remoteInfo = EXLinearGradient;
		};
		2FE7123722C10159002825A1 /* PBXContainerItemProxy */ = {
			isa = PBXContainerItemProxy;
			containerPortal = 2FE7118F22C10158002825A1 /* Pods.xcodeproj */;
			proxyType = 2;
			remoteGlobalIDString = A37C597C68757F22BB31CFF6F920A258;
			remoteInfo = EXLocation;
		};
		2FE7123D22C10159002825A1 /* PBXContainerItemProxy */ = {
			isa = PBXContainerItemProxy;
			containerPortal = 2FE7118F22C10158002825A1 /* Pods.xcodeproj */;
			proxyType = 2;
			remoteGlobalIDString = 72E494917AC5EC2582197F07061A28B0;
			remoteInfo = EXPermissions;
		};
		2FE7123F22C10159002825A1 /* PBXContainerItemProxy */ = {
			isa = PBXContainerItemProxy;
			containerPortal = 2FE7118F22C10158002825A1 /* Pods.xcodeproj */;
			proxyType = 2;
			remoteGlobalIDString = 244B3AC3FDE7926F4F50656B6A99AB24;
			remoteInfo = ExpoKit;
		};
		2FE7124522C10159002825A1 /* PBXContainerItemProxy */ = {
			isa = PBXContainerItemProxy;
			containerPortal = 2FE7118F22C10158002825A1 /* Pods.xcodeproj */;
			proxyType = 2;
			remoteGlobalIDString = 2FE1238D5A785BA9C5EDB95D809DF948;
			remoteInfo = EXSecureStore;
		};
		2FE7125122C10159002825A1 /* PBXContainerItemProxy */ = {
			isa = PBXContainerItemProxy;
			containerPortal = 2FE7118F22C10158002825A1 /* Pods.xcodeproj */;
			proxyType = 2;
			remoteGlobalIDString = 1108DC122877B2541D4AFF30154347CA;
			remoteInfo = EXSQLite;
		};
		2FE7125522C10159002825A1 /* PBXContainerItemProxy */ = {
			isa = PBXContainerItemProxy;
			containerPortal = 2FE7118F22C10158002825A1 /* Pods.xcodeproj */;
			proxyType = 2;
			remoteGlobalIDString = 574E8A849B86DCF8EE5726418D974721;
			remoteInfo = EXWebBrowser;
		};
		2FE7125B22C10159002825A1 /* PBXContainerItemProxy */ = {
			isa = PBXContainerItemProxy;
			containerPortal = 2FE7118F22C10158002825A1 /* Pods.xcodeproj */;
			proxyType = 2;
			remoteGlobalIDString = 06489499588BFA8FD5E63DD6375CD533;
			remoteInfo = Folly;
		};
		2FE7125D22C10159002825A1 /* PBXContainerItemProxy */ = {
			isa = PBXContainerItemProxy;
			containerPortal = 2FE7118F22C10158002825A1 /* Pods.xcodeproj */;
			proxyType = 2;
			remoteGlobalIDString = 3CA7A9404CCDD6BA22C97F8348CE3209;
			remoteInfo = glog;
		};
		2FE7125F22C10159002825A1 /* PBXContainerItemProxy */ = {
			isa = PBXContainerItemProxy;
			containerPortal = 2FE7118F22C10158002825A1 /* Pods.xcodeproj */;
			proxyType = 2;
			remoteGlobalIDString = 5CA9E6FE438CE79CD76FA3B34CC95836;
			remoteInfo = "Google-Maps-iOS-Utils";
		};
		2FE7126522C10159002825A1 /* PBXContainerItemProxy */ = {
			isa = PBXContainerItemProxy;
			containerPortal = 2FE7118F22C10158002825A1 /* Pods.xcodeproj */;
			proxyType = 2;
			remoteGlobalIDString = 570CCB03A0E85F186DDBBACE420066C6;
			remoteInfo = JKBigInteger2;
		};
		2FE7126722C10159002825A1 /* PBXContainerItemProxy */ = {
			isa = PBXContainerItemProxy;
			containerPortal = 2FE7118F22C10158002825A1 /* Pods.xcodeproj */;
			proxyType = 2;
			remoteGlobalIDString = 51BA97E8B5085EFFB47BC9C0B785CEA7;
			remoteInfo = "lottie-ios";
		};
		2FE7126922C10159002825A1 /* PBXContainerItemProxy */ = {
			isa = PBXContainerItemProxy;
			containerPortal = 2FE7118F22C10158002825A1 /* Pods.xcodeproj */;
			proxyType = 2;
			remoteGlobalIDString = D69C0A8F86A8542E738A07E7170673F9;
			remoteInfo = "Pods-the-liturgists";
		};
		2FE7127122C10159002825A1 /* PBXContainerItemProxy */ = {
			isa = PBXContainerItemProxy;
			containerPortal = 2FE7118F22C10158002825A1 /* Pods.xcodeproj */;
			proxyType = 2;
			remoteGlobalIDString = AF72FD600DE7E2D330BA50F877993E05;
			remoteInfo = UMCore;
		};
		2FE7127322C10159002825A1 /* PBXContainerItemProxy */ = {
			isa = PBXContainerItemProxy;
			containerPortal = 2FE7118F22C10158002825A1 /* Pods.xcodeproj */;
			proxyType = 2;
			remoteGlobalIDString = 3B640835BAA914DD267B5E780D8CFEC7;
			remoteInfo = UMReactNativeAdapter;
		};
		4C0618EB23AF2D65000E1854 /* PBXContainerItemProxy */ = {
			isa = PBXContainerItemProxy;
			containerPortal = 2FE7118F22C10158002825A1 /* Pods.xcodeproj */;
			proxyType = 2;
			remoteGlobalIDString = 8CC9178C366942FD6FF6A115604EAD58;
			remoteInfo = FirebaseCoreDiagnostics;
		};
		4C0618ED23AF2D65000E1854 /* PBXContainerItemProxy */ = {
			isa = PBXContainerItemProxy;
			containerPortal = 2FE7118F22C10158002825A1 /* Pods.xcodeproj */;
			proxyType = 2;
			remoteGlobalIDString = 856B5CD56F194FAD26EA91620B66D614;
			remoteInfo = GoogleDataTransport;
		};
		4C0618EF23AF2D65000E1854 /* PBXContainerItemProxy */ = {
			isa = PBXContainerItemProxy;
			containerPortal = 2FE7118F22C10158002825A1 /* Pods.xcodeproj */;
			proxyType = 2;
			remoteGlobalIDString = 6942351307BC1F54575D9853307EAE0E;
			remoteInfo = GoogleDataTransportCCTSupport;
		};
		4C8B1CD623CA7FE100C8CD68 /* PBXContainerItemProxy */ = {
			isa = PBXContainerItemProxy;
			containerPortal = 2FE7118F22C10158002825A1 /* Pods.xcodeproj */;
			proxyType = 2;
			remoteGlobalIDString = 8B957FA50938DC942809EC58CB737302;
			remoteInfo = "react-native-music-control";
		};
		4C8B1CD823CA7FE100C8CD68 /* PBXContainerItemProxy */ = {
			isa = PBXContainerItemProxy;
			containerPortal = 2FE7118F22C10158002825A1 /* Pods.xcodeproj */;
			proxyType = 2;
			remoteGlobalIDString = 51B50F20C76CF72E2BEF8D4764235306;
			remoteInfo = ReactNativeART;
		};
		4C8B1CDA23CA7FE100C8CD68 /* PBXContainerItemProxy */ = {
			isa = PBXContainerItemProxy;
			containerPortal = 2FE7118F22C10158002825A1 /* Pods.xcodeproj */;
			proxyType = 2;
			remoteGlobalIDString = 5737DDB4BC95AD399B3206838AB97095;
			remoteInfo = RNCAsyncStorage;
		};
		4C8B1CDC23CA7FE100C8CD68 /* PBXContainerItemProxy */ = {
			isa = PBXContainerItemProxy;
			containerPortal = 2FE7118F22C10158002825A1 /* Pods.xcodeproj */;
			proxyType = 2;
			remoteGlobalIDString = 4EAF7225D8D498E7D232AE1520E6CBD3;
			remoteInfo = RNFirebase;
		};
		4CFD8B7823AC757000D1A665 /* PBXContainerItemProxy */ = {
			isa = PBXContainerItemProxy;
			containerPortal = 2FE7118F22C10158002825A1 /* Pods.xcodeproj */;
			proxyType = 2;
			remoteGlobalIDString = 80735449304A3CA87C1D6AB428FEA832;
			remoteInfo = EXErrorRecovery;
		};
		4CFD8B7A23AC757000D1A665 /* PBXContainerItemProxy */ = {
			isa = PBXContainerItemProxy;
			containerPortal = 2FE7118F22C10158002825A1 /* Pods.xcodeproj */;
			proxyType = 2;
			remoteGlobalIDString = ABFEEA82A6C346B22843FBE0B0582182;
			remoteInfo = FBReactNativeSpec;
		};
		4CFD8B7C23AC757000D1A665 /* PBXContainerItemProxy */ = {
			isa = PBXContainerItemProxy;
			containerPortal = 2FE7118F22C10158002825A1 /* Pods.xcodeproj */;
			proxyType = 2;
			remoteGlobalIDString = F958876A082BF810B342435CE3FB5AF6;
			remoteInfo = RCTTypeSafety;
		};
		4CFD8B7E23AC757000D1A665 /* PBXContainerItemProxy */ = {
			isa = PBXContainerItemProxy;
			containerPortal = 2FE7118F22C10158002825A1 /* Pods.xcodeproj */;
			proxyType = 2;
			remoteGlobalIDString = BD71E2539823621820F84384064C253A;
			remoteInfo = "React-Core";
		};
		4CFD8B8023AC757000D1A665 /* PBXContainerItemProxy */ = {
			isa = PBXContainerItemProxy;
			containerPortal = 2FE7118F22C10158002825A1 /* Pods.xcodeproj */;
			proxyType = 2;
			remoteGlobalIDString = 6771D231F4C8C5976470A369C474B32E;
			remoteInfo = "React-CoreModules";
		};
		4CFD8B8223AC757000D1A665 /* PBXContainerItemProxy */ = {
			isa = PBXContainerItemProxy;
			containerPortal = 2FE7118F22C10158002825A1 /* Pods.xcodeproj */;
			proxyType = 2;
			remoteGlobalIDString = 37592FDAD45752511010F4B06AC57355;
			remoteInfo = "React-cxxreact";
		};
		4CFD8B8423AC757000D1A665 /* PBXContainerItemProxy */ = {
			isa = PBXContainerItemProxy;
			containerPortal = 2FE7118F22C10158002825A1 /* Pods.xcodeproj */;
			proxyType = 2;
			remoteGlobalIDString = D9F334F2E90E3EE462FC4192AF5C03BD;
			remoteInfo = "React-jsi";
		};
		4CFD8B8623AC757000D1A665 /* PBXContainerItemProxy */ = {
			isa = PBXContainerItemProxy;
			containerPortal = 2FE7118F22C10158002825A1 /* Pods.xcodeproj */;
			proxyType = 2;
			remoteGlobalIDString = F2E7C88DFCD460A4B46B913ADEB8A641;
			remoteInfo = "React-jsiexecutor";
		};
		4CFD8B8823AC757000D1A665 /* PBXContainerItemProxy */ = {
			isa = PBXContainerItemProxy;
			containerPortal = 2FE7118F22C10158002825A1 /* Pods.xcodeproj */;
			proxyType = 2;
			remoteGlobalIDString = 2577F299FCB0A19824FE989BE77B8E8F;
			remoteInfo = "React-jsinspector";
		};
		4CFD8B8C23AC757000D1A665 /* PBXContainerItemProxy */ = {
			isa = PBXContainerItemProxy;
			containerPortal = 2FE7118F22C10158002825A1 /* Pods.xcodeproj */;
			proxyType = 2;
			remoteGlobalIDString = 73F8A95B79671F501F31EA4F1D04AA8B;
			remoteInfo = "React-RCTActionSheet";
		};
		4CFD8B8E23AC757000D1A665 /* PBXContainerItemProxy */ = {
			isa = PBXContainerItemProxy;
			containerPortal = 2FE7118F22C10158002825A1 /* Pods.xcodeproj */;
			proxyType = 2;
			remoteGlobalIDString = FE7B9294FF05AAFD1653E2104E10844A;
			remoteInfo = "React-RCTAnimation";
		};
		4CFD8B9023AC757000D1A665 /* PBXContainerItemProxy */ = {
			isa = PBXContainerItemProxy;
			containerPortal = 2FE7118F22C10158002825A1 /* Pods.xcodeproj */;
			proxyType = 2;
			remoteGlobalIDString = F71EBF73F354B475D465FF6DE9A66707;
			remoteInfo = "React-RCTBlob";
		};
		4CFD8B9223AC757000D1A665 /* PBXContainerItemProxy */ = {
			isa = PBXContainerItemProxy;
			containerPortal = 2FE7118F22C10158002825A1 /* Pods.xcodeproj */;
			proxyType = 2;
			remoteGlobalIDString = EEDBF403E8E0B3885E65C2741B536BC5;
			remoteInfo = "React-RCTImage";
		};
		4CFD8B9423AC757000D1A665 /* PBXContainerItemProxy */ = {
			isa = PBXContainerItemProxy;
			containerPortal = 2FE7118F22C10158002825A1 /* Pods.xcodeproj */;
			proxyType = 2;
			remoteGlobalIDString = 802121F5B756ACBFDD6D08C36246DADD;
			remoteInfo = "React-RCTLinking";
		};
		4CFD8B9623AC757000D1A665 /* PBXContainerItemProxy */ = {
			isa = PBXContainerItemProxy;
			containerPortal = 2FE7118F22C10158002825A1 /* Pods.xcodeproj */;
			proxyType = 2;
			remoteGlobalIDString = A68E5A9B69A3BA0FD52CAF7A354EC93B;
			remoteInfo = "React-RCTNetwork";
		};
		4CFD8B9823AC757000D1A665 /* PBXContainerItemProxy */ = {
			isa = PBXContainerItemProxy;
			containerPortal = 2FE7118F22C10158002825A1 /* Pods.xcodeproj */;
			proxyType = 2;
			remoteGlobalIDString = 269BE773C9482484B70949A40F4EA525;
			remoteInfo = "React-RCTSettings";
		};
		4CFD8B9A23AC757000D1A665 /* PBXContainerItemProxy */ = {
			isa = PBXContainerItemProxy;
			containerPortal = 2FE7118F22C10158002825A1 /* Pods.xcodeproj */;
			proxyType = 2;
			remoteGlobalIDString = E6A16705C69FC7DE11C2469A4A0F8358;
			remoteInfo = "React-RCTText";
		};
		4CFD8B9C23AC757000D1A665 /* PBXContainerItemProxy */ = {
			isa = PBXContainerItemProxy;
			containerPortal = 2FE7118F22C10158002825A1 /* Pods.xcodeproj */;
			proxyType = 2;
			remoteGlobalIDString = C1A919103EAC9813D236486C34FC0A21;
			remoteInfo = "React-RCTVibration";
		};
		4CFD8B9E23AC757000D1A665 /* PBXContainerItemProxy */ = {
			isa = PBXContainerItemProxy;
			containerPortal = 2FE7118F22C10158002825A1 /* Pods.xcodeproj */;
			proxyType = 2;
			remoteGlobalIDString = D5C775614AC76D44CECB6BE08B022F1F;
			remoteInfo = ReactCommon;
		};
		4CFD8BA023AC757000D1A665 /* PBXContainerItemProxy */ = {
			isa = PBXContainerItemProxy;
			containerPortal = 2FE7118F22C10158002825A1 /* Pods.xcodeproj */;
			proxyType = 2;
			remoteGlobalIDString = BC41F4BEFC115303267857B135A144AE;
			remoteInfo = UMPermissionsInterface;
		};
		4CFD8BA223AC757000D1A665 /* PBXContainerItemProxy */ = {
			isa = PBXContainerItemProxy;
			containerPortal = 2FE7118F22C10158002825A1 /* Pods.xcodeproj */;
			proxyType = 2;
			remoteGlobalIDString = 65D0A19C165FA1126B1360680FE6DB12;
			remoteInfo = Yoga;
		};
/* End PBXContainerItemProxy section */

/* Begin PBXFileReference section */
		0971F829E760D934DD7366FD /* Pods-the-liturgists.release.xcconfig */ = {isa = PBXFileReference; includeInIndex = 1; lastKnownFileType = text.xcconfig; name = "Pods-the-liturgists.release.xcconfig"; path = "Target Support Files/Pods-the-liturgists/Pods-the-liturgists.release.xcconfig"; sourceTree = "<group>"; };
		2FAE76AA22CA42AC00B55D81 /* GoogleService-Info.plist */ = {isa = PBXFileReference; fileEncoding = 4; lastKnownFileType = text.plist.xml; name = "GoogleService-Info.plist"; path = "the-liturgists/Supporting/GoogleService-Info.plist"; sourceTree = "<group>"; };
		2FAE77D922CA4DCA00B55D81 /* the-liturgists.entitlements */ = {isa = PBXFileReference; lastKnownFileType = text.plist.entitlements; path = "the-liturgists.entitlements"; sourceTree = "<group>"; };
		2FE7118F22C10158002825A1 /* Pods.xcodeproj */ = {isa = PBXFileReference; lastKnownFileType = "wrapper.pb-project"; name = Pods.xcodeproj; path = Pods/Pods.xcodeproj; sourceTree = "<group>"; };
		B501732A1DC01252003445D9 /* EXShell.plist */ = {isa = PBXFileReference; fileEncoding = 4; lastKnownFileType = text.plist.xml; path = EXShell.plist; sourceTree = "<group>"; };
		B56386411DB9693800A0598C /* the-liturgists.app */ = {isa = PBXFileReference; explicitFileType = wrapper.application; includeInIndex = 0; path = "the-liturgists.app"; sourceTree = BUILT_PRODUCTS_DIR; };
		B56386471DB9693800A0598C /* AppDelegate.h */ = {isa = PBXFileReference; lastKnownFileType = sourcecode.c.h; path = AppDelegate.h; sourceTree = "<group>"; };
		B56386481DB9693800A0598C /* AppDelegate.m */ = {isa = PBXFileReference; lastKnownFileType = sourcecode.c.objc; path = AppDelegate.m; sourceTree = "<group>"; };
		B56386501DB9693800A0598C /* Assets.xcassets */ = {isa = PBXFileReference; lastKnownFileType = folder.assetcatalog; path = Assets.xcassets; sourceTree = "<group>"; };
		B563865C1DB96A5E00A0598C /* Info.plist */ = {isa = PBXFileReference; fileEncoding = 4; lastKnownFileType = text.plist.xml; path = Info.plist; sourceTree = "<group>"; };
		B563865E1DB96A5E00A0598C /* main.m */ = {isa = PBXFileReference; fileEncoding = 4; lastKnownFileType = sourcecode.c.objc; path = main.m; sourceTree = "<group>"; };
		B56386661DB9994300A0598C /* EXSDKVersions.plist */ = {isa = PBXFileReference; fileEncoding = 4; lastKnownFileType = text.plist.xml; path = EXSDKVersions.plist; sourceTree = "<group>"; };
		B5693E8D1FABD16A00307FA4 /* LaunchScreen.xib */ = {isa = PBXFileReference; fileEncoding = 4; lastKnownFileType = file.xib; path = LaunchScreen.xib; sourceTree = "<group>"; };
		B5693E8F1FABD46800307FA4 /* launch_background_image.png */ = {isa = PBXFileReference; lastKnownFileType = image.png; path = launch_background_image.png; sourceTree = "<group>"; };
		B5693E901FABD46800307FA4 /* launch_icon.png */ = {isa = PBXFileReference; lastKnownFileType = image.png; path = launch_icon.png; sourceTree = "<group>"; };
		B5CFBF4E1EDE419400B4BE24 /* EXBuildConstants.plist */ = {isa = PBXFileReference; fileEncoding = 4; lastKnownFileType = text.plist.xml; path = EXBuildConstants.plist; sourceTree = "<group>"; };
		B5DB047E1F3A684600E91581 /* shell-app-manifest.json */ = {isa = PBXFileReference; fileEncoding = 4; lastKnownFileType = text.json; path = "shell-app-manifest.json"; sourceTree = "<group>"; };
		B5DB047F1F3A684600E91581 /* shell-app.bundle */ = {isa = PBXFileReference; fileEncoding = 4; lastKnownFileType = text; path = "shell-app.bundle"; sourceTree = "<group>"; };
		E190BCB58A65E0436B841F64 /* Pods-the-liturgists.debug.xcconfig */ = {isa = PBXFileReference; includeInIndex = 1; lastKnownFileType = text.xcconfig; name = "Pods-the-liturgists.debug.xcconfig"; path = "Target Support Files/Pods-the-liturgists/Pods-the-liturgists.debug.xcconfig"; sourceTree = "<group>"; };
		FE2E9D241F5F139C7669E21E /* libPods-the-liturgists.a */ = {isa = PBXFileReference; explicitFileType = archive.ar; includeInIndex = 0; path = "libPods-the-liturgists.a"; sourceTree = BUILT_PRODUCTS_DIR; };
/* End PBXFileReference section */

/* Begin PBXFrameworksBuildPhase section */
		B563863E1DB9693800A0598C /* Frameworks */ = {
			isa = PBXFrameworksBuildPhase;
			buildActionMask = 2147483647;
			files = (
				BB63897D6D78CDB576EF33BC /* libPods-the-liturgists.a in Frameworks */,
			);
			runOnlyForDeploymentPostprocessing = 0;
		};
/* End PBXFrameworksBuildPhase section */

/* Begin PBXGroup section */
		1A42804E64B7E9E0AB8B6799 /* Frameworks */ = {
			isa = PBXGroup;
			children = (
				2FE7118F22C10158002825A1 /* Pods.xcodeproj */,
				FE2E9D241F5F139C7669E21E /* libPods-the-liturgists.a */,
			);
			name = Frameworks;
			sourceTree = "<group>";
		};
		2FAE771122CA430600B55D81 /* Recovered References */ = {
			isa = PBXGroup;
			children = (
			);
			name = "Recovered References";
			sourceTree = "<group>";
		};
		2FE7119022C10158002825A1 /* Products */ = {
			isa = PBXGroup;
			children = (
				2FE711EE22C10159002825A1 /* libAmplitude-iOS.a */,
				2FE711F822C10159002825A1 /* libCocoaLumberjack.a */,
				2FE711FA22C10159002825A1 /* libDoubleConversion.a */,
				2FE7120422C10159002825A1 /* libEXAppLoaderProvider.a */,
				2FE7120622C10159002825A1 /* libEXAV.a */,
				2FE7121422C10159002825A1 /* libEXConstants.a */,
				4CFD8B7923AC757000D1A665 /* libEXErrorRecovery.a */,
				2FE7122022C10159002825A1 /* libEXFileSystem.a */,
				2FE7122222C10159002825A1 /* libEXFont.a */,
				2FE7123022C10159002825A1 /* libEXKeepAwake.a */,
				2FE7123222C10159002825A1 /* libEXLinearGradient.a */,
				2FE7123822C10159002825A1 /* libEXLocation.a */,
				2FE7123E22C10159002825A1 /* libEXPermissions.a */,
				2FE7124022C10159002825A1 /* libExpoKit.a */,
				2FE7124622C10159002825A1 /* libEXSecureStore.a */,
				2FE7125222C10159002825A1 /* libEXSQLite.a */,
				2FE7125622C10159002825A1 /* libEXWebBrowser.a */,
				4CFD8B7B23AC757000D1A665 /* libFBReactNativeSpec.a */,
				2FAE770822CA42AC00B55D81 /* libFirebaseCore.a */,
				4C0618EC23AF2D65000E1854 /* libFirebaseCoreDiagnostics.a */,
				2FAE770A22CA42AC00B55D81 /* libFirebaseInstanceID.a */,
				2FAE77D522CA4DC400B55D81 /* libFirebaseMessaging.a */,
				2FE7125C22C10159002825A1 /* libFolly.a */,
				2FE7125E22C10159002825A1 /* libglog.a */,
				2FE7126022C10159002825A1 /* libGoogle-Maps-iOS-Utils.a */,
				4C0618EE23AF2D65000E1854 /* libGoogleDataTransport.a */,
				4C0618F023AF2D65000E1854 /* libGoogleDataTransportCCTSupport.a */,
				2FAE770C22CA42AC00B55D81 /* libGoogleUtilities.a */,
				2FE7126622C10159002825A1 /* libJKBigInteger2.a */,
				2FE7126822C10159002825A1 /* liblottie-ios.a */,
				2FAE770E22CA42AC00B55D81 /* libnanopb.a */,
				2FE7126A22C10159002825A1 /* libPods-the-liturgists.a */,
				2FAE77D722CA4DC400B55D81 /* libProtobuf.a */,
				4CFD8B7D23AC757000D1A665 /* libRCTTypeSafety.a */,
				4CFD8B7F23AC757000D1A665 /* libReact-Core.a */,
				4CFD8B8123AC757000D1A665 /* libReact-CoreModules.a */,
				4CFD8B8323AC757000D1A665 /* libReact-cxxreact.a */,
				4CFD8B8523AC757000D1A665 /* libReact-jsi.a */,
				4CFD8B8723AC757000D1A665 /* libReact-jsiexecutor.a */,
				4CFD8B8923AC757000D1A665 /* libReact-jsinspector.a */,
				4C8B1CD723CA7FE100C8CD68 /* libreact-native-music-control.a */,
				4CFD8B8D23AC757000D1A665 /* libReact-RCTActionSheet.a */,
				4CFD8B8F23AC757000D1A665 /* libReact-RCTAnimation.a */,
				4CFD8B9123AC757000D1A665 /* libReact-RCTBlob.a */,
				4CFD8B9323AC757000D1A665 /* libReact-RCTImage.a */,
				4CFD8B9523AC757000D1A665 /* libReact-RCTLinking.a */,
				4CFD8B9723AC757000D1A665 /* libReact-RCTNetwork.a */,
				4CFD8B9923AC757000D1A665 /* libReact-RCTSettings.a */,
				4CFD8B9B23AC757000D1A665 /* libReact-RCTText.a */,
				4CFD8B9D23AC757000D1A665 /* libReact-RCTVibration.a */,
				4CFD8B9F23AC757000D1A665 /* libReactCommon.a */,
				4C8B1CD923CA7FE100C8CD68 /* libReactNativeART.a */,
				4C8B1CDB23CA7FE100C8CD68 /* libRNCAsyncStorage.a */,
				4C8B1CDD23CA7FE100C8CD68 /* libRNFirebase.a */,
				2FE7127222C10159002825A1 /* libUMCore.a */,
				4CFD8BA123AC757000D1A665 /* libUMPermissionsInterface.a */,
				2FE7127422C10159002825A1 /* libUMReactNativeAdapter.a */,
				4CFD8BA323AC757000D1A665 /* libYoga.a */,
			);
			name = Products;
			sourceTree = "<group>";
		};
		855E701C82C54610B1E3624A /* Libraries */ = {
			isa = PBXGroup;
			children = (
			);
			name = Libraries;
			sourceTree = "<group>";
		};
		B56386381DB9693800A0598C = {
			isa = PBXGroup;
			children = (
				2FAE76AA22CA42AC00B55D81 /* GoogleService-Info.plist */,
				B56386431DB9693800A0598C /* the-liturgists */,
				B56386421DB9693800A0598C /* Products */,
				1A42804E64B7E9E0AB8B6799 /* Frameworks */,
				855E701C82C54610B1E3624A /* Libraries */,
				2FAE771122CA430600B55D81 /* Recovered References */,
				FDD3E2B093142696E62C1004 /* Pods */,
			);
			sourceTree = "<group>";
		};
		B56386421DB9693800A0598C /* Products */ = {
			isa = PBXGroup;
			children = (
				B56386411DB9693800A0598C /* the-liturgists.app */,
			);
			name = Products;
			sourceTree = "<group>";
		};
		B56386431DB9693800A0598C /* the-liturgists */ = {
			isa = PBXGroup;
			children = (
				2FAE77D922CA4DCA00B55D81 /* the-liturgists.entitlements */,
				B56386471DB9693800A0598C /* AppDelegate.h */,
				B56386481DB9693800A0598C /* AppDelegate.m */,
				B56386501DB9693800A0598C /* Assets.xcassets */,
				B563865B1DB96A5E00A0598C /* Supporting */,
			);
			path = "the-liturgists";
			sourceTree = "<group>";
		};
		B563865B1DB96A5E00A0598C /* Supporting */ = {
			isa = PBXGroup;
			children = (
				B5693E8F1FABD46800307FA4 /* launch_background_image.png */,
				B5693E901FABD46800307FA4 /* launch_icon.png */,
				B5693E8D1FABD16A00307FA4 /* LaunchScreen.xib */,
				B5DB047E1F3A684600E91581 /* shell-app-manifest.json */,
				B5DB047F1F3A684600E91581 /* shell-app.bundle */,
				B5CFBF4E1EDE419400B4BE24 /* EXBuildConstants.plist */,
				B501732A1DC01252003445D9 /* EXShell.plist */,
				B56386661DB9994300A0598C /* EXSDKVersions.plist */,
				B563865C1DB96A5E00A0598C /* Info.plist */,
				B563865E1DB96A5E00A0598C /* main.m */,
			);
			path = Supporting;
			sourceTree = "<group>";
		};
		FDD3E2B093142696E62C1004 /* Pods */ = {
			isa = PBXGroup;
			children = (
				E190BCB58A65E0436B841F64 /* Pods-the-liturgists.debug.xcconfig */,
				0971F829E760D934DD7366FD /* Pods-the-liturgists.release.xcconfig */,
			);
			path = Pods;
			sourceTree = "<group>";
		};
/* End PBXGroup section */

/* Begin PBXNativeTarget section */
		B56386401DB9693800A0598C /* the-liturgists */ = {
			isa = PBXNativeTarget;
			buildConfigurationList = B56386581DB9693800A0598C /* Build configuration list for PBXNativeTarget "the-liturgists" */;
			buildPhases = (
				1E979F22BB862B982B450E57 /* [CP] Check Pods Manifest.lock */,
				B5722AD01DFB7E3F0084848F /* Prepare Expo */,
				B563863D1DB9693800A0598C /* Sources */,
				B563863E1DB9693800A0598C /* Frameworks */,
				B563863F1DB9693800A0598C /* Resources */,
				19D233B7204FDD7D0087ED51 /* Bundle Expo Assets */,
				F46F6B69CFE2010C8157AA43 /* [CP] Copy Pods Resources */,
			);
			buildRules = (
			);
			dependencies = (
			);
			name = "the-liturgists";
			productName = "the-liturgists";
			productReference = B56386411DB9693800A0598C /* the-liturgists.app */;
			productType = "com.apple.product-type.application";
		};
/* End PBXNativeTarget section */

/* Begin PBXProject section */
		B56386391DB9693800A0598C /* Project object */ = {
			isa = PBXProject;
			attributes = {
				LastUpgradeCheck = 1100;
				ORGANIZATIONNAME = "650 Industries, Inc.";
				TargetAttributes = {
					B56386401DB9693800A0598C = {
						CreatedOnToolsVersion = 8.0;
						DevelopmentTeam = RY59SG5RVW;
						ProvisioningStyle = Manual;
						SystemCapabilities = {
							com.apple.Push = {
								enabled = 1;
							};
						};
					};
				};
			};
			buildConfigurationList = B563863C1DB9693800A0598C /* Build configuration list for PBXProject "the-liturgists" */;
			compatibilityVersion = "Xcode 3.2";
			developmentRegion = English;
			hasScannedForEncodings = 0;
			knownRegions = (
				English,
				en,
				Base,
			);
			mainGroup = B56386381DB9693800A0598C;
			productRefGroup = B56386421DB9693800A0598C /* Products */;
			projectDirPath = "";
			projectReferences = (
				{
					ProductGroup = 2FE7119022C10158002825A1 /* Products */;
					ProjectRef = 2FE7118F22C10158002825A1 /* Pods.xcodeproj */;
				},
			);
			projectRoot = "";
			targets = (
				B56386401DB9693800A0598C /* the-liturgists */,
			);
		};
/* End PBXProject section */

/* Begin PBXReferenceProxy section */
		2FAE770822CA42AC00B55D81 /* libFirebaseCore.a */ = {
			isa = PBXReferenceProxy;
			fileType = archive.ar;
			path = libFirebaseCore.a;
			remoteRef = 2FAE770722CA42AC00B55D81 /* PBXContainerItemProxy */;
			sourceTree = BUILT_PRODUCTS_DIR;
		};
		2FAE770A22CA42AC00B55D81 /* libFirebaseInstanceID.a */ = {
			isa = PBXReferenceProxy;
			fileType = archive.ar;
			path = libFirebaseInstanceID.a;
			remoteRef = 2FAE770922CA42AC00B55D81 /* PBXContainerItemProxy */;
			sourceTree = BUILT_PRODUCTS_DIR;
		};
		2FAE770C22CA42AC00B55D81 /* libGoogleUtilities.a */ = {
			isa = PBXReferenceProxy;
			fileType = archive.ar;
			path = libGoogleUtilities.a;
			remoteRef = 2FAE770B22CA42AC00B55D81 /* PBXContainerItemProxy */;
			sourceTree = BUILT_PRODUCTS_DIR;
		};
		2FAE770E22CA42AC00B55D81 /* libnanopb.a */ = {
			isa = PBXReferenceProxy;
			fileType = archive.ar;
			path = libnanopb.a;
			remoteRef = 2FAE770D22CA42AC00B55D81 /* PBXContainerItemProxy */;
			sourceTree = BUILT_PRODUCTS_DIR;
		};
		2FAE77D522CA4DC400B55D81 /* libFirebaseMessaging.a */ = {
			isa = PBXReferenceProxy;
			fileType = archive.ar;
			path = libFirebaseMessaging.a;
			remoteRef = 2FAE77D422CA4DC400B55D81 /* PBXContainerItemProxy */;
			sourceTree = BUILT_PRODUCTS_DIR;
		};
		2FAE77D722CA4DC400B55D81 /* libProtobuf.a */ = {
			isa = PBXReferenceProxy;
			fileType = archive.ar;
			path = libProtobuf.a;
			remoteRef = 2FAE77D622CA4DC400B55D81 /* PBXContainerItemProxy */;
			sourceTree = BUILT_PRODUCTS_DIR;
		};
		2FE711EE22C10159002825A1 /* libAmplitude-iOS.a */ = {
			isa = PBXReferenceProxy;
			fileType = archive.ar;
			path = "libAmplitude-iOS.a";
			remoteRef = 2FE711ED22C10159002825A1 /* PBXContainerItemProxy */;
			sourceTree = BUILT_PRODUCTS_DIR;
		};
		2FE711F822C10159002825A1 /* libCocoaLumberjack.a */ = {
			isa = PBXReferenceProxy;
			fileType = archive.ar;
			path = libCocoaLumberjack.a;
			remoteRef = 2FE711F722C10159002825A1 /* PBXContainerItemProxy */;
			sourceTree = BUILT_PRODUCTS_DIR;
		};
		2FE711FA22C10159002825A1 /* libDoubleConversion.a */ = {
			isa = PBXReferenceProxy;
			fileType = archive.ar;
			path = libDoubleConversion.a;
			remoteRef = 2FE711F922C10159002825A1 /* PBXContainerItemProxy */;
			sourceTree = BUILT_PRODUCTS_DIR;
		};
		2FE7120422C10159002825A1 /* libEXAppLoaderProvider.a */ = {
			isa = PBXReferenceProxy;
			fileType = archive.ar;
			path = libEXAppLoaderProvider.a;
			remoteRef = 2FE7120322C10159002825A1 /* PBXContainerItemProxy */;
			sourceTree = BUILT_PRODUCTS_DIR;
		};
		2FE7120622C10159002825A1 /* libEXAV.a */ = {
			isa = PBXReferenceProxy;
			fileType = archive.ar;
			path = libEXAV.a;
			remoteRef = 2FE7120522C10159002825A1 /* PBXContainerItemProxy */;
			sourceTree = BUILT_PRODUCTS_DIR;
		};
		2FE7121422C10159002825A1 /* libEXConstants.a */ = {
			isa = PBXReferenceProxy;
			fileType = archive.ar;
			path = libEXConstants.a;
			remoteRef = 2FE7121322C10159002825A1 /* PBXContainerItemProxy */;
			sourceTree = BUILT_PRODUCTS_DIR;
		};
		2FE7122022C10159002825A1 /* libEXFileSystem.a */ = {
			isa = PBXReferenceProxy;
			fileType = archive.ar;
			path = libEXFileSystem.a;
			remoteRef = 2FE7121F22C10159002825A1 /* PBXContainerItemProxy */;
			sourceTree = BUILT_PRODUCTS_DIR;
		};
		2FE7122222C10159002825A1 /* libEXFont.a */ = {
			isa = PBXReferenceProxy;
			fileType = archive.ar;
			path = libEXFont.a;
			remoteRef = 2FE7122122C10159002825A1 /* PBXContainerItemProxy */;
			sourceTree = BUILT_PRODUCTS_DIR;
		};
		2FE7123022C10159002825A1 /* libEXKeepAwake.a */ = {
			isa = PBXReferenceProxy;
			fileType = archive.ar;
			path = libEXKeepAwake.a;
			remoteRef = 2FE7122F22C10159002825A1 /* PBXContainerItemProxy */;
			sourceTree = BUILT_PRODUCTS_DIR;
		};
		2FE7123222C10159002825A1 /* libEXLinearGradient.a */ = {
			isa = PBXReferenceProxy;
			fileType = archive.ar;
			path = libEXLinearGradient.a;
			remoteRef = 2FE7123122C10159002825A1 /* PBXContainerItemProxy */;
			sourceTree = BUILT_PRODUCTS_DIR;
		};
		2FE7123822C10159002825A1 /* libEXLocation.a */ = {
			isa = PBXReferenceProxy;
			fileType = archive.ar;
			path = libEXLocation.a;
			remoteRef = 2FE7123722C10159002825A1 /* PBXContainerItemProxy */;
			sourceTree = BUILT_PRODUCTS_DIR;
		};
		2FE7123E22C10159002825A1 /* libEXPermissions.a */ = {
			isa = PBXReferenceProxy;
			fileType = archive.ar;
			path = libEXPermissions.a;
			remoteRef = 2FE7123D22C10159002825A1 /* PBXContainerItemProxy */;
			sourceTree = BUILT_PRODUCTS_DIR;
		};
		2FE7124022C10159002825A1 /* libExpoKit.a */ = {
			isa = PBXReferenceProxy;
			fileType = archive.ar;
			path = libExpoKit.a;
			remoteRef = 2FE7123F22C10159002825A1 /* PBXContainerItemProxy */;
			sourceTree = BUILT_PRODUCTS_DIR;
		};
		2FE7124622C10159002825A1 /* libEXSecureStore.a */ = {
			isa = PBXReferenceProxy;
			fileType = archive.ar;
			path = libEXSecureStore.a;
			remoteRef = 2FE7124522C10159002825A1 /* PBXContainerItemProxy */;
			sourceTree = BUILT_PRODUCTS_DIR;
		};
		2FE7125222C10159002825A1 /* libEXSQLite.a */ = {
			isa = PBXReferenceProxy;
			fileType = archive.ar;
			path = libEXSQLite.a;
			remoteRef = 2FE7125122C10159002825A1 /* PBXContainerItemProxy */;
			sourceTree = BUILT_PRODUCTS_DIR;
		};
		2FE7125622C10159002825A1 /* libEXWebBrowser.a */ = {
			isa = PBXReferenceProxy;
			fileType = archive.ar;
			path = libEXWebBrowser.a;
			remoteRef = 2FE7125522C10159002825A1 /* PBXContainerItemProxy */;
			sourceTree = BUILT_PRODUCTS_DIR;
		};
		2FE7125C22C10159002825A1 /* libFolly.a */ = {
			isa = PBXReferenceProxy;
			fileType = archive.ar;
			path = libFolly.a;
			remoteRef = 2FE7125B22C10159002825A1 /* PBXContainerItemProxy */;
			sourceTree = BUILT_PRODUCTS_DIR;
		};
		2FE7125E22C10159002825A1 /* libglog.a */ = {
			isa = PBXReferenceProxy;
			fileType = archive.ar;
			path = libglog.a;
			remoteRef = 2FE7125D22C10159002825A1 /* PBXContainerItemProxy */;
			sourceTree = BUILT_PRODUCTS_DIR;
		};
		2FE7126022C10159002825A1 /* libGoogle-Maps-iOS-Utils.a */ = {
			isa = PBXReferenceProxy;
			fileType = archive.ar;
			path = "libGoogle-Maps-iOS-Utils.a";
			remoteRef = 2FE7125F22C10159002825A1 /* PBXContainerItemProxy */;
			sourceTree = BUILT_PRODUCTS_DIR;
		};
		2FE7126622C10159002825A1 /* libJKBigInteger2.a */ = {
			isa = PBXReferenceProxy;
			fileType = archive.ar;
			path = libJKBigInteger2.a;
			remoteRef = 2FE7126522C10159002825A1 /* PBXContainerItemProxy */;
			sourceTree = BUILT_PRODUCTS_DIR;
		};
		2FE7126822C10159002825A1 /* liblottie-ios.a */ = {
			isa = PBXReferenceProxy;
			fileType = archive.ar;
			path = "liblottie-ios.a";
			remoteRef = 2FE7126722C10159002825A1 /* PBXContainerItemProxy */;
			sourceTree = BUILT_PRODUCTS_DIR;
		};
		2FE7126A22C10159002825A1 /* libPods-the-liturgists.a */ = {
			isa = PBXReferenceProxy;
			fileType = archive.ar;
			path = "libPods-the-liturgists.a";
			remoteRef = 2FE7126922C10159002825A1 /* PBXContainerItemProxy */;
			sourceTree = BUILT_PRODUCTS_DIR;
		};
		2FE7127222C10159002825A1 /* libUMCore.a */ = {
			isa = PBXReferenceProxy;
			fileType = archive.ar;
			path = libUMCore.a;
			remoteRef = 2FE7127122C10159002825A1 /* PBXContainerItemProxy */;
			sourceTree = BUILT_PRODUCTS_DIR;
		};
		2FE7127422C10159002825A1 /* libUMReactNativeAdapter.a */ = {
			isa = PBXReferenceProxy;
			fileType = archive.ar;
			path = libUMReactNativeAdapter.a;
			remoteRef = 2FE7127322C10159002825A1 /* PBXContainerItemProxy */;
			sourceTree = BUILT_PRODUCTS_DIR;
		};
		4C0618EC23AF2D65000E1854 /* libFirebaseCoreDiagnostics.a */ = {
			isa = PBXReferenceProxy;
			fileType = archive.ar;
			path = libFirebaseCoreDiagnostics.a;
			remoteRef = 4C0618EB23AF2D65000E1854 /* PBXContainerItemProxy */;
			sourceTree = BUILT_PRODUCTS_DIR;
		};
		4C0618EE23AF2D65000E1854 /* libGoogleDataTransport.a */ = {
			isa = PBXReferenceProxy;
			fileType = archive.ar;
			path = libGoogleDataTransport.a;
			remoteRef = 4C0618ED23AF2D65000E1854 /* PBXContainerItemProxy */;
			sourceTree = BUILT_PRODUCTS_DIR;
		};
		4C0618F023AF2D65000E1854 /* libGoogleDataTransportCCTSupport.a */ = {
			isa = PBXReferenceProxy;
			fileType = archive.ar;
			path = libGoogleDataTransportCCTSupport.a;
			remoteRef = 4C0618EF23AF2D65000E1854 /* PBXContainerItemProxy */;
			sourceTree = BUILT_PRODUCTS_DIR;
		};
		4C8B1CD723CA7FE100C8CD68 /* libreact-native-music-control.a */ = {
			isa = PBXReferenceProxy;
			fileType = archive.ar;
			path = "libreact-native-music-control.a";
			remoteRef = 4C8B1CD623CA7FE100C8CD68 /* PBXContainerItemProxy */;
			sourceTree = BUILT_PRODUCTS_DIR;
		};
		4C8B1CD923CA7FE100C8CD68 /* libReactNativeART.a */ = {
			isa = PBXReferenceProxy;
			fileType = archive.ar;
			path = libReactNativeART.a;
			remoteRef = 4C8B1CD823CA7FE100C8CD68 /* PBXContainerItemProxy */;
			sourceTree = BUILT_PRODUCTS_DIR;
		};
		4C8B1CDB23CA7FE100C8CD68 /* libRNCAsyncStorage.a */ = {
			isa = PBXReferenceProxy;
			fileType = archive.ar;
			path = libRNCAsyncStorage.a;
			remoteRef = 4C8B1CDA23CA7FE100C8CD68 /* PBXContainerItemProxy */;
			sourceTree = BUILT_PRODUCTS_DIR;
		};
		4C8B1CDD23CA7FE100C8CD68 /* libRNFirebase.a */ = {
			isa = PBXReferenceProxy;
			fileType = archive.ar;
			path = libRNFirebase.a;
			remoteRef = 4C8B1CDC23CA7FE100C8CD68 /* PBXContainerItemProxy */;
			sourceTree = BUILT_PRODUCTS_DIR;
		};
		4CFD8B7923AC757000D1A665 /* libEXErrorRecovery.a */ = {
			isa = PBXReferenceProxy;
			fileType = archive.ar;
			path = libEXErrorRecovery.a;
			remoteRef = 4CFD8B7823AC757000D1A665 /* PBXContainerItemProxy */;
			sourceTree = BUILT_PRODUCTS_DIR;
		};
		4CFD8B7B23AC757000D1A665 /* libFBReactNativeSpec.a */ = {
			isa = PBXReferenceProxy;
			fileType = archive.ar;
			path = libFBReactNativeSpec.a;
			remoteRef = 4CFD8B7A23AC757000D1A665 /* PBXContainerItemProxy */;
			sourceTree = BUILT_PRODUCTS_DIR;
		};
		4CFD8B7D23AC757000D1A665 /* libRCTTypeSafety.a */ = {
			isa = PBXReferenceProxy;
			fileType = archive.ar;
			path = libRCTTypeSafety.a;
			remoteRef = 4CFD8B7C23AC757000D1A665 /* PBXContainerItemProxy */;
			sourceTree = BUILT_PRODUCTS_DIR;
		};
		4CFD8B7F23AC757000D1A665 /* libReact-Core.a */ = {
			isa = PBXReferenceProxy;
			fileType = archive.ar;
			path = "libReact-Core.a";
			remoteRef = 4CFD8B7E23AC757000D1A665 /* PBXContainerItemProxy */;
			sourceTree = BUILT_PRODUCTS_DIR;
		};
		4CFD8B8123AC757000D1A665 /* libReact-CoreModules.a */ = {
			isa = PBXReferenceProxy;
			fileType = archive.ar;
			path = "libReact-CoreModules.a";
			remoteRef = 4CFD8B8023AC757000D1A665 /* PBXContainerItemProxy */;
			sourceTree = BUILT_PRODUCTS_DIR;
		};
		4CFD8B8323AC757000D1A665 /* libReact-cxxreact.a */ = {
			isa = PBXReferenceProxy;
			fileType = archive.ar;
			path = "libReact-cxxreact.a";
			remoteRef = 4CFD8B8223AC757000D1A665 /* PBXContainerItemProxy */;
			sourceTree = BUILT_PRODUCTS_DIR;
		};
		4CFD8B8523AC757000D1A665 /* libReact-jsi.a */ = {
			isa = PBXReferenceProxy;
			fileType = archive.ar;
			path = "libReact-jsi.a";
			remoteRef = 4CFD8B8423AC757000D1A665 /* PBXContainerItemProxy */;
			sourceTree = BUILT_PRODUCTS_DIR;
		};
		4CFD8B8723AC757000D1A665 /* libReact-jsiexecutor.a */ = {
			isa = PBXReferenceProxy;
			fileType = archive.ar;
			path = "libReact-jsiexecutor.a";
			remoteRef = 4CFD8B8623AC757000D1A665 /* PBXContainerItemProxy */;
			sourceTree = BUILT_PRODUCTS_DIR;
		};
		4CFD8B8923AC757000D1A665 /* libReact-jsinspector.a */ = {
			isa = PBXReferenceProxy;
			fileType = archive.ar;
			path = "libReact-jsinspector.a";
			remoteRef = 4CFD8B8823AC757000D1A665 /* PBXContainerItemProxy */;
			sourceTree = BUILT_PRODUCTS_DIR;
		};
		4CFD8B8D23AC757000D1A665 /* libReact-RCTActionSheet.a */ = {
			isa = PBXReferenceProxy;
			fileType = archive.ar;
			path = "libReact-RCTActionSheet.a";
			remoteRef = 4CFD8B8C23AC757000D1A665 /* PBXContainerItemProxy */;
			sourceTree = BUILT_PRODUCTS_DIR;
		};
		4CFD8B8F23AC757000D1A665 /* libReact-RCTAnimation.a */ = {
			isa = PBXReferenceProxy;
			fileType = archive.ar;
			path = "libReact-RCTAnimation.a";
			remoteRef = 4CFD8B8E23AC757000D1A665 /* PBXContainerItemProxy */;
			sourceTree = BUILT_PRODUCTS_DIR;
		};
		4CFD8B9123AC757000D1A665 /* libReact-RCTBlob.a */ = {
			isa = PBXReferenceProxy;
			fileType = archive.ar;
			path = "libReact-RCTBlob.a";
			remoteRef = 4CFD8B9023AC757000D1A665 /* PBXContainerItemProxy */;
			sourceTree = BUILT_PRODUCTS_DIR;
		};
		4CFD8B9323AC757000D1A665 /* libReact-RCTImage.a */ = {
			isa = PBXReferenceProxy;
			fileType = archive.ar;
			path = "libReact-RCTImage.a";
			remoteRef = 4CFD8B9223AC757000D1A665 /* PBXContainerItemProxy */;
			sourceTree = BUILT_PRODUCTS_DIR;
		};
		4CFD8B9523AC757000D1A665 /* libReact-RCTLinking.a */ = {
			isa = PBXReferenceProxy;
			fileType = archive.ar;
			path = "libReact-RCTLinking.a";
			remoteRef = 4CFD8B9423AC757000D1A665 /* PBXContainerItemProxy */;
			sourceTree = BUILT_PRODUCTS_DIR;
		};
		4CFD8B9723AC757000D1A665 /* libReact-RCTNetwork.a */ = {
			isa = PBXReferenceProxy;
			fileType = archive.ar;
			path = "libReact-RCTNetwork.a";
			remoteRef = 4CFD8B9623AC757000D1A665 /* PBXContainerItemProxy */;
			sourceTree = BUILT_PRODUCTS_DIR;
		};
		4CFD8B9923AC757000D1A665 /* libReact-RCTSettings.a */ = {
			isa = PBXReferenceProxy;
			fileType = archive.ar;
			path = "libReact-RCTSettings.a";
			remoteRef = 4CFD8B9823AC757000D1A665 /* PBXContainerItemProxy */;
			sourceTree = BUILT_PRODUCTS_DIR;
		};
		4CFD8B9B23AC757000D1A665 /* libReact-RCTText.a */ = {
			isa = PBXReferenceProxy;
			fileType = archive.ar;
			path = "libReact-RCTText.a";
			remoteRef = 4CFD8B9A23AC757000D1A665 /* PBXContainerItemProxy */;
			sourceTree = BUILT_PRODUCTS_DIR;
		};
		4CFD8B9D23AC757000D1A665 /* libReact-RCTVibration.a */ = {
			isa = PBXReferenceProxy;
			fileType = archive.ar;
			path = "libReact-RCTVibration.a";
			remoteRef = 4CFD8B9C23AC757000D1A665 /* PBXContainerItemProxy */;
			sourceTree = BUILT_PRODUCTS_DIR;
		};
		4CFD8B9F23AC757000D1A665 /* libReactCommon.a */ = {
			isa = PBXReferenceProxy;
			fileType = archive.ar;
			path = libReactCommon.a;
			remoteRef = 4CFD8B9E23AC757000D1A665 /* PBXContainerItemProxy */;
			sourceTree = BUILT_PRODUCTS_DIR;
		};
		4CFD8BA123AC757000D1A665 /* libUMPermissionsInterface.a */ = {
			isa = PBXReferenceProxy;
			fileType = archive.ar;
			path = libUMPermissionsInterface.a;
			remoteRef = 4CFD8BA023AC757000D1A665 /* PBXContainerItemProxy */;
			sourceTree = BUILT_PRODUCTS_DIR;
		};
		4CFD8BA323AC757000D1A665 /* libYoga.a */ = {
			isa = PBXReferenceProxy;
			fileType = archive.ar;
			path = libYoga.a;
			remoteRef = 4CFD8BA223AC757000D1A665 /* PBXContainerItemProxy */;
			sourceTree = BUILT_PRODUCTS_DIR;
		};
/* End PBXReferenceProxy section */

/* Begin PBXResourcesBuildPhase section */
		B563863F1DB9693800A0598C /* Resources */ = {
			isa = PBXResourcesBuildPhase;
			buildActionMask = 2147483647;
			files = (
				B5693E911FABD46800307FA4 /* launch_background_image.png in Resources */,
				B501732B1DC01252003445D9 /* EXShell.plist in Resources */,
				B5CFBF4F1EDE419400B4BE24 /* EXBuildConstants.plist in Resources */,
				B56386671DB9994300A0598C /* EXSDKVersions.plist in Resources */,
				B5693E921FABD46800307FA4 /* launch_icon.png in Resources */,
				B5693E8E1FABD16A00307FA4 /* LaunchScreen.xib in Resources */,
				B5DB04801F3A684600E91581 /* shell-app-manifest.json in Resources */,
				2FAE770F22CA42AC00B55D81 /* GoogleService-Info.plist in Resources */,
				B5DB04811F3A684600E91581 /* shell-app.bundle in Resources */,
				B56386511DB9693800A0598C /* Assets.xcassets in Resources */,
			);
			runOnlyForDeploymentPostprocessing = 0;
		};
/* End PBXResourcesBuildPhase section */

/* Begin PBXShellScriptBuildPhase section */
		19D233B7204FDD7D0087ED51 /* Bundle Expo Assets */ = {
			isa = PBXShellScriptBuildPhase;
			buildActionMask = 2147483647;
			files = (
			);
			inputPaths = (
			);
			name = "Bundle Expo Assets";
			outputPaths = (
			);
			runOnlyForDeploymentPostprocessing = 0;
			shellPath = /bin/sh;
			shellScript = "set -eo pipefail\n\nif [ \"$CONFIGURATION\" == \"Debug\" ]; then\n  echo \"Skipping asset bundling in debug mode.\"\n  exit 0\nfi\n\npushd \"${SRCROOT}/..\"\nexport PATH=\"$(if [ -f ~/.expo/PATH ]; then echo $PATH:$(cat ~/.expo/PATH); else echo $PATH; fi)\"\ndest=\"$CONFIGURATION_BUILD_DIR/$UNLOCALIZED_RESOURCES_FOLDER_PATH\"\nexpo bundle-assets --platform ios --dest \"$dest\"\npopd\n";
		};
		1E979F22BB862B982B450E57 /* [CP] Check Pods Manifest.lock */ = {
			isa = PBXShellScriptBuildPhase;
			buildActionMask = 2147483647;
			files = (
			);
			inputFileListPaths = (
			);
			inputPaths = (
				"${PODS_PODFILE_DIR_PATH}/Podfile.lock",
				"${PODS_ROOT}/Manifest.lock",
			);
			name = "[CP] Check Pods Manifest.lock";
			outputFileListPaths = (
			);
			outputPaths = (
				"$(DERIVED_FILE_DIR)/Pods-the-liturgists-checkManifestLockResult.txt",
			);
			runOnlyForDeploymentPostprocessing = 0;
			shellPath = /bin/sh;
			shellScript = "diff \"${PODS_PODFILE_DIR_PATH}/Podfile.lock\" \"${PODS_ROOT}/Manifest.lock\" > /dev/null\nif [ $? != 0 ] ; then\n    # print error to STDERR\n    echo \"error: The sandbox is not in sync with the Podfile.lock. Run 'pod install' or update your CocoaPods installation.\" >&2\n    exit 1\nfi\n# This output is used by Xcode 'outputs' to avoid re-running this script phase.\necho \"SUCCESS\" > \"${SCRIPT_OUTPUT_FILE_0}\"\n";
			showEnvVarsInLog = 0;
		};
		B5722AD01DFB7E3F0084848F /* Prepare Expo */ = {
			isa = PBXShellScriptBuildPhase;
			buildActionMask = 2147483647;
			files = (
			);
			inputPaths = (
			);
			name = "Prepare Expo";
			outputPaths = (
			);
			runOnlyForDeploymentPostprocessing = 0;
			shellPath = /bin/bash;
			shellScript = "set -eo pipefail\n\nexport PATH=\"$(if [ -f ~/.expo/PATH ]; then echo $PATH:$(cat ~/.expo/PATH); else echo $PATH; fi)\"\nexpo prepare-detached-build --platform ios \"${SRCROOT}/..\"\n";
		};
		F46F6B69CFE2010C8157AA43 /* [CP] Copy Pods Resources */ = {
			isa = PBXShellScriptBuildPhase;
			buildActionMask = 2147483647;
			files = (
			);
			inputPaths = (
				"${PODS_ROOT}/Target Support Files/Pods-the-liturgists/Pods-the-liturgists-resources.sh",
				"${PODS_ROOT}/Amplitude-iOS/Amplitude/api.amplitude.com.der",
				"${PODS_ROOT}/Amplitude-iOS/Amplitude/ComodoCaLimitedRsaCertificationAuthority.der",
				"${PODS_ROOT}/Amplitude-iOS/Amplitude/ComodoRsaCA.der",
				"${PODS_ROOT}/Amplitude-iOS/Amplitude/ComodoRsaDomainValidationCA.der",
				"${PODS_ROOT}/GoogleMaps/Maps/Frameworks/GoogleMaps.framework/Resources/GoogleMaps.bundle",
			);
			name = "[CP] Copy Pods Resources";
			outputPaths = (
				"${TARGET_BUILD_DIR}/${UNLOCALIZED_RESOURCES_FOLDER_PATH}/api.amplitude.com.der",
				"${TARGET_BUILD_DIR}/${UNLOCALIZED_RESOURCES_FOLDER_PATH}/ComodoCaLimitedRsaCertificationAuthority.der",
				"${TARGET_BUILD_DIR}/${UNLOCALIZED_RESOURCES_FOLDER_PATH}/ComodoRsaCA.der",
				"${TARGET_BUILD_DIR}/${UNLOCALIZED_RESOURCES_FOLDER_PATH}/ComodoRsaDomainValidationCA.der",
				"${TARGET_BUILD_DIR}/${UNLOCALIZED_RESOURCES_FOLDER_PATH}/GoogleMaps.bundle",
			);
			runOnlyForDeploymentPostprocessing = 0;
			shellPath = /bin/sh;
			shellScript = "\"${PODS_ROOT}/Target Support Files/Pods-the-liturgists/Pods-the-liturgists-resources.sh\"\n";
			showEnvVarsInLog = 0;
		};
/* End PBXShellScriptBuildPhase section */

/* Begin PBXSourcesBuildPhase section */
		B563863D1DB9693800A0598C /* Sources */ = {
			isa = PBXSourcesBuildPhase;
			buildActionMask = 2147483647;
			files = (
				B56386611DB96A5E00A0598C /* main.m in Sources */,
				B56386491DB9693800A0598C /* AppDelegate.m in Sources */,
			);
			runOnlyForDeploymentPostprocessing = 0;
		};
/* End PBXSourcesBuildPhase section */

/* Begin XCBuildConfiguration section */
		B56386561DB9693800A0598C /* Debug */ = {
			isa = XCBuildConfiguration;
			buildSettings = {
				ALWAYS_SEARCH_USER_PATHS = NO;
				CLANG_ANALYZER_LOCALIZABILITY_NONLOCALIZED = YES;
				CLANG_ANALYZER_NONNULL = YES;
				CLANG_CXX_LANGUAGE_STANDARD = "gnu++0x";
				CLANG_CXX_LIBRARY = "libc++";
				CLANG_ENABLE_MODULES = YES;
				CLANG_ENABLE_OBJC_ARC = YES;
				CLANG_WARN_BLOCK_CAPTURE_AUTORELEASING = YES;
				CLANG_WARN_BOOL_CONVERSION = YES;
				CLANG_WARN_COMMA = YES;
				CLANG_WARN_CONSTANT_CONVERSION = YES;
				CLANG_WARN_DEPRECATED_OBJC_IMPLEMENTATIONS = YES;
				CLANG_WARN_DIRECT_OBJC_ISA_USAGE = YES_ERROR;
				CLANG_WARN_DOCUMENTATION_COMMENTS = YES;
				CLANG_WARN_EMPTY_BODY = YES;
				CLANG_WARN_ENUM_CONVERSION = YES;
				CLANG_WARN_INFINITE_RECURSION = YES;
				CLANG_WARN_INT_CONVERSION = YES;
				CLANG_WARN_NON_LITERAL_NULL_CONVERSION = YES;
				CLANG_WARN_OBJC_IMPLICIT_RETAIN_SELF = YES;
				CLANG_WARN_OBJC_LITERAL_CONVERSION = YES;
				CLANG_WARN_OBJC_ROOT_CLASS = YES_ERROR;
				CLANG_WARN_RANGE_LOOP_ANALYSIS = YES;
				CLANG_WARN_STRICT_PROTOTYPES = YES;
				CLANG_WARN_SUSPICIOUS_MOVE = YES;
				CLANG_WARN_SUSPICIOUS_MOVES = YES;
				CLANG_WARN_UNREACHABLE_CODE = YES;
				CLANG_WARN__DUPLICATE_METHOD_MATCH = YES;
				"CODE_SIGN_IDENTITY[sdk=iphoneos*]" = "iPhone Developer";
				COPY_PHASE_STRIP = NO;
				DEBUG_INFORMATION_FORMAT = dwarf;
				ENABLE_STRICT_OBJC_MSGSEND = YES;
				ENABLE_TESTABILITY = YES;
				GCC_C_LANGUAGE_STANDARD = gnu99;
				GCC_DYNAMIC_NO_PIC = NO;
				GCC_NO_COMMON_BLOCKS = YES;
				GCC_OPTIMIZATION_LEVEL = 0;
				GCC_PREPROCESSOR_DEFINITIONS = (
					"DEBUG=1",
					"$(inherited)",
				);
				GCC_WARN_64_TO_32_BIT_CONVERSION = YES;
				GCC_WARN_ABOUT_RETURN_TYPE = YES_ERROR;
				GCC_WARN_UNDECLARED_SELECTOR = YES;
				GCC_WARN_UNINITIALIZED_AUTOS = YES_AGGRESSIVE;
				GCC_WARN_UNUSED_FUNCTION = YES;
				GCC_WARN_UNUSED_VARIABLE = YES;
				IPHONEOS_DEPLOYMENT_TARGET = 10.0;
				MTL_ENABLE_DEBUG_INFO = YES;
				ONLY_ACTIVE_ARCH = YES;
				SDKROOT = iphoneos;
			};
			name = Debug;
		};
		B56386571DB9693800A0598C /* Release */ = {
			isa = XCBuildConfiguration;
			buildSettings = {
				ALWAYS_SEARCH_USER_PATHS = NO;
				CLANG_ANALYZER_LOCALIZABILITY_NONLOCALIZED = YES;
				CLANG_ANALYZER_NONNULL = YES;
				CLANG_CXX_LANGUAGE_STANDARD = "gnu++0x";
				CLANG_CXX_LIBRARY = "libc++";
				CLANG_ENABLE_MODULES = YES;
				CLANG_ENABLE_OBJC_ARC = YES;
				CLANG_WARN_BLOCK_CAPTURE_AUTORELEASING = YES;
				CLANG_WARN_BOOL_CONVERSION = YES;
				CLANG_WARN_COMMA = YES;
				CLANG_WARN_CONSTANT_CONVERSION = YES;
				CLANG_WARN_DEPRECATED_OBJC_IMPLEMENTATIONS = YES;
				CLANG_WARN_DIRECT_OBJC_ISA_USAGE = YES_ERROR;
				CLANG_WARN_DOCUMENTATION_COMMENTS = YES;
				CLANG_WARN_EMPTY_BODY = YES;
				CLANG_WARN_ENUM_CONVERSION = YES;
				CLANG_WARN_INFINITE_RECURSION = YES;
				CLANG_WARN_INT_CONVERSION = YES;
				CLANG_WARN_NON_LITERAL_NULL_CONVERSION = YES;
				CLANG_WARN_OBJC_IMPLICIT_RETAIN_SELF = YES;
				CLANG_WARN_OBJC_LITERAL_CONVERSION = YES;
				CLANG_WARN_OBJC_ROOT_CLASS = YES_ERROR;
				CLANG_WARN_RANGE_LOOP_ANALYSIS = YES;
				CLANG_WARN_STRICT_PROTOTYPES = YES;
				CLANG_WARN_SUSPICIOUS_MOVE = YES;
				CLANG_WARN_SUSPICIOUS_MOVES = YES;
				CLANG_WARN_UNREACHABLE_CODE = YES;
				CLANG_WARN__DUPLICATE_METHOD_MATCH = YES;
				"CODE_SIGN_IDENTITY[sdk=iphoneos*]" = "iPhone Developer";
				COPY_PHASE_STRIP = NO;
				DEBUG_INFORMATION_FORMAT = "dwarf-with-dsym";
				ENABLE_NS_ASSERTIONS = NO;
				ENABLE_STRICT_OBJC_MSGSEND = YES;
				GCC_C_LANGUAGE_STANDARD = gnu99;
				GCC_NO_COMMON_BLOCKS = YES;
				GCC_WARN_64_TO_32_BIT_CONVERSION = YES;
				GCC_WARN_ABOUT_RETURN_TYPE = YES_ERROR;
				GCC_WARN_UNDECLARED_SELECTOR = YES;
				GCC_WARN_UNINITIALIZED_AUTOS = YES_AGGRESSIVE;
				GCC_WARN_UNUSED_FUNCTION = YES;
				GCC_WARN_UNUSED_VARIABLE = YES;
				IPHONEOS_DEPLOYMENT_TARGET = 10.0;
				MTL_ENABLE_DEBUG_INFO = NO;
				SDKROOT = iphoneos;
				VALIDATE_PRODUCT = YES;
			};
			name = Release;
		};
		B56386591DB9693800A0598C /* Debug */ = {
			isa = XCBuildConfiguration;
			baseConfigurationReference = E190BCB58A65E0436B841F64 /* Pods-the-liturgists.debug.xcconfig */;
			buildSettings = {
				ASSETCATALOG_COMPILER_APPICON_NAME = AppIcon;
				CODE_SIGN_ENTITLEMENTS = "the-liturgists/the-liturgists.entitlements";
				CODE_SIGN_IDENTITY = "iPhone Distribution";
				CODE_SIGN_STYLE = Manual;
				CURRENT_PROJECT_VERSION = 5;
				DEVELOPMENT_TEAM = RY59SG5RVW;
				HEADER_SEARCH_PATHS = (
					"$(inherited)",
					"\"${PODS_ROOT}/Headers/Public\"",
					"\"${PODS_ROOT}/Headers/Public/Amplitude-iOS\"",
					"\"${PODS_ROOT}/Headers/Public/Analytics\"",
					"\"${PODS_ROOT}/Headers/Public/AppAuth\"",
					"\"${PODS_ROOT}/Headers/Public/Bolts\"",
					"\"${PODS_ROOT}/Headers/Public/Branch\"",
					"\"${PODS_ROOT}/Headers/Public/CocoaLumberjack\"",
					"\"${PODS_ROOT}/Headers/Public/DoubleConversion\"",
					"\"${PODS_ROOT}/Headers/Public/EXAV\"",
					"\"${PODS_ROOT}/Headers/Public/EXAdsAdMob\"",
					"\"${PODS_ROOT}/Headers/Public/EXAdsFacebook\"",
					"\"${PODS_ROOT}/Headers/Public/EXAmplitude\"",
					"\"${PODS_ROOT}/Headers/Public/EXAppAuth\"",
					"\"${PODS_ROOT}/Headers/Public/EXAppLoaderProvider\"",
					"\"${PODS_ROOT}/Headers/Public/EXBackgroundFetch\"",
					"\"${PODS_ROOT}/Headers/Public/EXBarCodeScanner\"",
					"\"${PODS_ROOT}/Headers/Public/EXBlur\"",
					"\"${PODS_ROOT}/Headers/Public/EXBrightness\"",
					"\"${PODS_ROOT}/Headers/Public/EXCalendar\"",
					"\"${PODS_ROOT}/Headers/Public/EXCamera\"",
					"\"${PODS_ROOT}/Headers/Public/EXConstants\"",
					"\"${PODS_ROOT}/Headers/Public/EXContacts\"",
					"\"${PODS_ROOT}/Headers/Public/EXCrypto\"",
					"\"${PODS_ROOT}/Headers/Public/EXDocumentPicker\"",
					"\"${PODS_ROOT}/Headers/Public/EXFacebook\"",
					"\"${PODS_ROOT}/Headers/Public/EXFileSystem\"",
					"\"${PODS_ROOT}/Headers/Public/EXFont\"",
					"\"${PODS_ROOT}/Headers/Public/EXGL\"",
					"\"${PODS_ROOT}/Headers/Public/EXGL-CPP\"",
					"\"${PODS_ROOT}/Headers/Public/EXGoogleSignIn\"",
					"\"${PODS_ROOT}/Headers/Public/EXHaptics\"",
					"\"${PODS_ROOT}/Headers/Public/EXImageManipulator\"",
					"\"${PODS_ROOT}/Headers/Public/EXImagePicker\"",
					"\"${PODS_ROOT}/Headers/Public/EXKeepAwake\"",
					"\"${PODS_ROOT}/Headers/Public/EXLinearGradient\"",
					"\"${PODS_ROOT}/Headers/Public/EXLocalAuthentication\"",
					"\"${PODS_ROOT}/Headers/Public/EXLocalization\"",
					"\"${PODS_ROOT}/Headers/Public/EXLocation\"",
					"\"${PODS_ROOT}/Headers/Public/EXMailComposer\"",
					"\"${PODS_ROOT}/Headers/Public/EXMediaLibrary\"",
					"\"${PODS_ROOT}/Headers/Public/EXPermissions\"",
					"\"${PODS_ROOT}/Headers/Public/EXPrint\"",
					"\"${PODS_ROOT}/Headers/Public/EXRandom\"",
					"\"${PODS_ROOT}/Headers/Public/EXSMS\"",
					"\"${PODS_ROOT}/Headers/Public/EXSQLite\"",
					"\"${PODS_ROOT}/Headers/Public/EXSecureStore\"",
					"\"${PODS_ROOT}/Headers/Public/EXSegment\"",
					"\"${PODS_ROOT}/Headers/Public/EXSensors\"",
					"\"${PODS_ROOT}/Headers/Public/EXSharing\"",
					"\"${PODS_ROOT}/Headers/Public/EXSpeech\"",
					"\"${PODS_ROOT}/Headers/Public/EXTaskManager\"",
					"\"${PODS_ROOT}/Headers/Public/EXWebBrowser\"",
					"\"${PODS_ROOT}/Headers/Public/ExpoKit\"",
					"\"${PODS_ROOT}/Headers/Public/FBSDKCoreKit\"",
					"\"${PODS_ROOT}/Headers/Public/FBSDKLoginKit\"",
					"\"${PODS_ROOT}/Headers/Public/Firebase\"",
					"\"${PODS_ROOT}/Headers/Public/FirebaseAnalyticsInterop\"",
					"\"${PODS_ROOT}/Headers/Public/FirebaseCore\"",
					"\"${PODS_ROOT}/Headers/Public/FirebaseInstanceID\"",
					"\"${PODS_ROOT}/Headers/Public/FirebaseMessaging\"",
					"\"${PODS_ROOT}/Headers/Public/GTMSessionFetcher\"",
					"\"${PODS_ROOT}/Headers/Public/Google-Maps-iOS-Utils\"",
					"\"${PODS_ROOT}/Headers/Public/GoogleToolboxForMac\"",
					"\"${PODS_ROOT}/Headers/Public/GoogleUtilities\"",
					"\"${PODS_ROOT}/Headers/Public/JKBigInteger2\"",
					"\"${PODS_ROOT}/Headers/Public/Protobuf\"",
					"\"${PODS_ROOT}/Headers/Public/RNCAsyncStorage\"",
					"\"${PODS_ROOT}/Headers/Public/React\"",
					"\"${PODS_ROOT}/Headers/Public/UMBarCodeScannerInterface\"",
					"\"${PODS_ROOT}/Headers/Public/UMCameraInterface\"",
					"\"${PODS_ROOT}/Headers/Public/UMConstantsInterface\"",
					"\"${PODS_ROOT}/Headers/Public/UMCore\"",
					"\"${PODS_ROOT}/Headers/Public/UMFaceDetectorInterface\"",
					"\"${PODS_ROOT}/Headers/Public/UMFileSystemInterface\"",
					"\"${PODS_ROOT}/Headers/Public/UMFontInterface\"",
					"\"${PODS_ROOT}/Headers/Public/UMImageLoaderInterface\"",
					"\"${PODS_ROOT}/Headers/Public/UMPermissionsInterface\"",
					"\"${PODS_ROOT}/Headers/Public/UMReactNativeAdapter\"",
					"\"${PODS_ROOT}/Headers/Public/UMSensorsInterface\"",
					"\"${PODS_ROOT}/Headers/Public/UMTaskManagerInterface\"",
					"\"${PODS_ROOT}/Headers/Public/glog\"",
					"\"${PODS_ROOT}/Headers/Public/lottie-ios\"",
					"\"${PODS_ROOT}/Headers/Public/nanopb\"",
					"\"${PODS_ROOT}/Headers/Public/react-native-music-control\"",
					"\"${PODS_ROOT}/Headers/Public/yoga\"",
					"$(inherited)",
					"${PODS_ROOT}/Firebase/CoreOnly/Sources",
					"${SRCROOT}/../node_modules/react-native-firebase/ios/RNFirebase/**",
				);
				INFOPLIST_FILE = "the-liturgists/Supporting/Info.plist";
				LD_RUNPATH_SEARCH_PATHS = "$(inherited) @executable_path/Frameworks";
				LIBRARY_SEARCH_PATHS = "$(inherited)";
				OTHER_LDFLAGS = "$(inherited)";
				PRODUCT_BUNDLE_IDENTIFIER = com.theliturgists.app;
				PRODUCT_NAME = "$(TARGET_NAME)";
				PROVISIONING_PROFILE_SPECIFIER = "match AppStore com.theliturgists.app";
				TARGETED_DEVICE_FAMILY = "1,2";
				VERSIONING_SYSTEM = "apple-generic";
			};
			name = Debug;
		};
		B563865A1DB9693800A0598C /* Release */ = {
			isa = XCBuildConfiguration;
			baseConfigurationReference = 0971F829E760D934DD7366FD /* Pods-the-liturgists.release.xcconfig */;
			buildSettings = {
				ASSETCATALOG_COMPILER_APPICON_NAME = AppIcon;
				CODE_SIGN_ENTITLEMENTS = "the-liturgists/the-liturgists.entitlements";
				CODE_SIGN_IDENTITY = "iPhone Distribution";
				CODE_SIGN_STYLE = Manual;
				CURRENT_PROJECT_VERSION = 5;
				DEVELOPMENT_TEAM = RY59SG5RVW;
				HEADER_SEARCH_PATHS = (
					"$(inherited)",
					"\"${PODS_ROOT}/Headers/Public\"",
					"\"${PODS_ROOT}/Headers/Public/Amplitude-iOS\"",
					"\"${PODS_ROOT}/Headers/Public/Analytics\"",
					"\"${PODS_ROOT}/Headers/Public/AppAuth\"",
					"\"${PODS_ROOT}/Headers/Public/Bolts\"",
					"\"${PODS_ROOT}/Headers/Public/Branch\"",
					"\"${PODS_ROOT}/Headers/Public/CocoaLumberjack\"",
					"\"${PODS_ROOT}/Headers/Public/DoubleConversion\"",
					"\"${PODS_ROOT}/Headers/Public/EXAV\"",
					"\"${PODS_ROOT}/Headers/Public/EXAdsAdMob\"",
					"\"${PODS_ROOT}/Headers/Public/EXAdsFacebook\"",
					"\"${PODS_ROOT}/Headers/Public/EXAmplitude\"",
					"\"${PODS_ROOT}/Headers/Public/EXAppAuth\"",
					"\"${PODS_ROOT}/Headers/Public/EXAppLoaderProvider\"",
					"\"${PODS_ROOT}/Headers/Public/EXBackgroundFetch\"",
					"\"${PODS_ROOT}/Headers/Public/EXBarCodeScanner\"",
					"\"${PODS_ROOT}/Headers/Public/EXBlur\"",
					"\"${PODS_ROOT}/Headers/Public/EXBrightness\"",
					"\"${PODS_ROOT}/Headers/Public/EXCalendar\"",
					"\"${PODS_ROOT}/Headers/Public/EXCamera\"",
					"\"${PODS_ROOT}/Headers/Public/EXConstants\"",
					"\"${PODS_ROOT}/Headers/Public/EXContacts\"",
					"\"${PODS_ROOT}/Headers/Public/EXCrypto\"",
					"\"${PODS_ROOT}/Headers/Public/EXDocumentPicker\"",
					"\"${PODS_ROOT}/Headers/Public/EXFacebook\"",
					"\"${PODS_ROOT}/Headers/Public/EXFileSystem\"",
					"\"${PODS_ROOT}/Headers/Public/EXFont\"",
					"\"${PODS_ROOT}/Headers/Public/EXGL\"",
					"\"${PODS_ROOT}/Headers/Public/EXGL-CPP\"",
					"\"${PODS_ROOT}/Headers/Public/EXGoogleSignIn\"",
					"\"${PODS_ROOT}/Headers/Public/EXHaptics\"",
					"\"${PODS_ROOT}/Headers/Public/EXImageManipulator\"",
					"\"${PODS_ROOT}/Headers/Public/EXImagePicker\"",
					"\"${PODS_ROOT}/Headers/Public/EXKeepAwake\"",
					"\"${PODS_ROOT}/Headers/Public/EXLinearGradient\"",
					"\"${PODS_ROOT}/Headers/Public/EXLocalAuthentication\"",
					"\"${PODS_ROOT}/Headers/Public/EXLocalization\"",
					"\"${PODS_ROOT}/Headers/Public/EXLocation\"",
					"\"${PODS_ROOT}/Headers/Public/EXMailComposer\"",
					"\"${PODS_ROOT}/Headers/Public/EXMediaLibrary\"",
					"\"${PODS_ROOT}/Headers/Public/EXPermissions\"",
					"\"${PODS_ROOT}/Headers/Public/EXPrint\"",
					"\"${PODS_ROOT}/Headers/Public/EXRandom\"",
					"\"${PODS_ROOT}/Headers/Public/EXSMS\"",
					"\"${PODS_ROOT}/Headers/Public/EXSQLite\"",
					"\"${PODS_ROOT}/Headers/Public/EXSecureStore\"",
					"\"${PODS_ROOT}/Headers/Public/EXSegment\"",
					"\"${PODS_ROOT}/Headers/Public/EXSensors\"",
					"\"${PODS_ROOT}/Headers/Public/EXSharing\"",
					"\"${PODS_ROOT}/Headers/Public/EXSpeech\"",
					"\"${PODS_ROOT}/Headers/Public/EXTaskManager\"",
					"\"${PODS_ROOT}/Headers/Public/EXWebBrowser\"",
					"\"${PODS_ROOT}/Headers/Public/ExpoKit\"",
					"\"${PODS_ROOT}/Headers/Public/FBSDKCoreKit\"",
					"\"${PODS_ROOT}/Headers/Public/FBSDKLoginKit\"",
					"\"${PODS_ROOT}/Headers/Public/Firebase\"",
					"\"${PODS_ROOT}/Headers/Public/FirebaseAnalyticsInterop\"",
					"\"${PODS_ROOT}/Headers/Public/FirebaseCore\"",
					"\"${PODS_ROOT}/Headers/Public/FirebaseInstanceID\"",
					"\"${PODS_ROOT}/Headers/Public/FirebaseMessaging\"",
					"\"${PODS_ROOT}/Headers/Public/GTMSessionFetcher\"",
					"\"${PODS_ROOT}/Headers/Public/Google-Maps-iOS-Utils\"",
					"\"${PODS_ROOT}/Headers/Public/GoogleToolboxForMac\"",
					"\"${PODS_ROOT}/Headers/Public/GoogleUtilities\"",
					"\"${PODS_ROOT}/Headers/Public/JKBigInteger2\"",
					"\"${PODS_ROOT}/Headers/Public/Protobuf\"",
					"\"${PODS_ROOT}/Headers/Public/RNCAsyncStorage\"",
					"\"${PODS_ROOT}/Headers/Public/React\"",
					"\"${PODS_ROOT}/Headers/Public/UMBarCodeScannerInterface\"",
					"\"${PODS_ROOT}/Headers/Public/UMCameraInterface\"",
					"\"${PODS_ROOT}/Headers/Public/UMConstantsInterface\"",
					"\"${PODS_ROOT}/Headers/Public/UMCore\"",
					"\"${PODS_ROOT}/Headers/Public/UMFaceDetectorInterface\"",
					"\"${PODS_ROOT}/Headers/Public/UMFileSystemInterface\"",
					"\"${PODS_ROOT}/Headers/Public/UMFontInterface\"",
					"\"${PODS_ROOT}/Headers/Public/UMImageLoaderInterface\"",
					"\"${PODS_ROOT}/Headers/Public/UMPermissionsInterface\"",
					"\"${PODS_ROOT}/Headers/Public/UMReactNativeAdapter\"",
					"\"${PODS_ROOT}/Headers/Public/UMSensorsInterface\"",
					"\"${PODS_ROOT}/Headers/Public/UMTaskManagerInterface\"",
					"\"${PODS_ROOT}/Headers/Public/glog\"",
					"\"${PODS_ROOT}/Headers/Public/lottie-ios\"",
					"\"${PODS_ROOT}/Headers/Public/nanopb\"",
					"\"${PODS_ROOT}/Headers/Public/react-native-music-control\"",
					"\"${PODS_ROOT}/Headers/Public/yoga\"",
					"$(inherited)",
					"${PODS_ROOT}/Firebase/CoreOnly/Sources",
					"${SRCROOT}/../node_modules/react-native-firebase/ios/RNFirebase/**",
				);
				INFOPLIST_FILE = "the-liturgists/Supporting/Info.plist";
				LD_RUNPATH_SEARCH_PATHS = "$(inherited) @executable_path/Frameworks";
				LIBRARY_SEARCH_PATHS = "$(inherited)";
				OTHER_LDFLAGS = "$(inherited)";
				PRODUCT_BUNDLE_IDENTIFIER = com.theliturgists.app;
				PRODUCT_NAME = "$(TARGET_NAME)";
				PROVISIONING_PROFILE_SPECIFIER = "match AppStore com.theliturgists.app";
				TARGETED_DEVICE_FAMILY = "1,2";
				VERSIONING_SYSTEM = "apple-generic";
			};
			name = Release;
		};
/* End XCBuildConfiguration section */

/* Begin XCConfigurationList section */
		B563863C1DB9693800A0598C /* Build configuration list for PBXProject "the-liturgists" */ = {
			isa = XCConfigurationList;
			buildConfigurations = (
				B56386561DB9693800A0598C /* Debug */,
				B56386571DB9693800A0598C /* Release */,
			);
			defaultConfigurationIsVisible = 0;
			defaultConfigurationName = Release;
		};
		B56386581DB9693800A0598C /* Build configuration list for PBXNativeTarget "the-liturgists" */ = {
			isa = XCConfigurationList;
			buildConfigurations = (
				B56386591DB9693800A0598C /* Debug */,
				B563865A1DB9693800A0598C /* Release */,
			);
			defaultConfigurationIsVisible = 0;
			defaultConfigurationName = Release;
		};
/* End XCConfigurationList section */
	};
	rootObject = B56386391DB9693800A0598C /* Project object */;
}
